
Microsoft Visual Studio Solution File, Format Version 12.00
# Visual Studio 15
Project("{FAE04EC0-301F-11D3-BF4B-00C04F79EFBC}") = "Assembly-CSharp-firstpass", "Assembly-CSharp-firstpass.csproj", "{181CF34D-09CA-A8C9-A6EE-E37709285B7C}"
EndProject
Project("{FAE04EC0-301F-11D3-BF4B-00C04F79EFBC}") = "Assembly-CSharp", "Assembly-CSharp.csproj", "{3622AA70-2841-BEED-16C7-51DE0C275329}"
EndProject
Global
	GlobalSection(SolutionConfigurationPlatforms) = preSolution
		Debug|Any CPU = Debug|Any CPU
		Release|Any CPU = Release|Any CPU
	EndGlobalSection
	GlobalSection(ProjectConfigurationPlatforms) = postSolution
		{181CF34D-09CA-A8C9-A6EE-E37709285B7C}.Debug|Any CPU.ActiveCfg = Debug|Any CPU
		{181CF34D-09CA-A8C9-A6EE-E37709285B7C}.Debug|Any CPU.Build.0 = Debug|Any CPU
		{181CF34D-09CA-A8C9-A6EE-E37709285B7C}.Release|Any CPU.ActiveCfg = Release|Any CPU
		{181CF34D-09CA-A8C9-A6EE-E37709285B7C}.Release|Any CPU.Build.0 = Release|Any CPU
		{3622AA70-2841-BEED-16C7-51DE0C275329}.Debug|Any CPU.ActiveCfg = Debug|Any CPU
		{3622AA70-2841-BEED-16C7-51DE0C275329}.Debug|Any CPU.Build.0 = Debug|Any CPU
		{3622AA70-2841-BEED-16C7-51DE0C275329}.Release|Any CPU.ActiveCfg = Release|Any CPU
		{3622AA70-2841-BEED-16C7-51DE0C275329}.Release|Any CPU.Build.0 = Release|Any CPU
	EndGlobalSection
	GlobalSection(SolutionProperties) = preSolution
		HideSolutionNode = FALSE
	EndGlobalSection
EndGlobal
